// !$*UTF8*$!
{
	archiveVersion = 1;
	classes = {
	};
	objectVersion = 55;
	objects = {

/* Begin PBXBuildFile section */
		9B7100C0270E575E00EA5B73 /* UIViewController+Extension.swift in Sources */ = {isa = PBXBuildFile; fileRef = 9B7100BF270E575E00EA5B73 /* UIViewController+Extension.swift */; };
		9B7100C22711077400EA5B73 /* PublicUserData.swift in Sources */ = {isa = PBXBuildFile; fileRef = 9B7100C12711077300EA5B73 /* PublicUserData.swift */; };
		9B7100C4271255CE00EA5B73 /* StudentLocation.swift in Sources */ = {isa = PBXBuildFile; fileRef = 9B7100C3271255CD00EA5B73 /* StudentLocation.swift */; };
		9B7100C627163D2A00EA5B73 /* StudentLocationPOSTResponse.swift in Sources */ = {isa = PBXBuildFile; fileRef = 9B7100C527163D2A00EA5B73 /* StudentLocationPOSTResponse.swift */; };
		9B7100C82728EBA000EA5B73 /* AddStudentLocationRequest.swift in Sources */ = {isa = PBXBuildFile; fileRef = 9B7100C72728EB9F00EA5B73 /* AddStudentLocationRequest.swift */; };
		9BA611F0270513530061684E /* MapViewController.swift in Sources */ = {isa = PBXBuildFile; fileRef = 9BA611EF270513530061684E /* MapViewController.swift */; };
		9BA611F2270514990061684E /* TableViewController.swift in Sources */ = {isa = PBXBuildFile; fileRef = 9BA611F1270514990061684E /* TableViewController.swift */; };
		9BA611F42705151A0061684E /* InformationPostingViewController.swift in Sources */ = {isa = PBXBuildFile; fileRef = 9BA611F32705151A0061684E /* InformationPostingViewController.swift */; };
		9BA611F6270515810061684E /* AddLocationViewController.swift in Sources */ = {isa = PBXBuildFile; fileRef = 9BA611F5270515810061684E /* AddLocationViewController.swift */; };
		9BA611F82707C95F0061684E /* OTMClient.swift in Sources */ = {isa = PBXBuildFile; fileRef = 9BA611F72707C95F0061684E /* OTMClient.swift */; };
		9BA611FA2707CD160061684E /* LoginRequest.swift in Sources */ = {isa = PBXBuildFile; fileRef = 9BA611F92707CD160061684E /* LoginRequest.swift */; };
		9BA611FC2707CF770061684E /* LoginResponse.swift in Sources */ = {isa = PBXBuildFile; fileRef = 9BA611FB2707CF770061684E /* LoginResponse.swift */; };
		9BBB15BE2701248D00024D4F /* AppDelegate.swift in Sources */ = {isa = PBXBuildFile; fileRef = 9BBB15BD2701248D00024D4F /* AppDelegate.swift */; };
		9BBB15C02701248D00024D4F /* SceneDelegate.swift in Sources */ = {isa = PBXBuildFile; fileRef = 9BBB15BF2701248D00024D4F /* SceneDelegate.swift */; };
		9BBB15C22701248D00024D4F /* LoginViewController.swift in Sources */ = {isa = PBXBuildFile; fileRef = 9BBB15C12701248D00024D4F /* LoginViewController.swift */; };
		9BBB15C52701248D00024D4F /* Main.storyboard in Resources */ = {isa = PBXBuildFile; fileRef = 9BBB15C32701248D00024D4F /* Main.storyboard */; };
		9BBB15C72701248F00024D4F /* Assets.xcassets in Resources */ = {isa = PBXBuildFile; fileRef = 9BBB15C62701248F00024D4F /* Assets.xcassets */; };
		9BBB15CA2701248F00024D4F /* LaunchScreen.storyboard in Resources */ = {isa = PBXBuildFile; fileRef = 9BBB15C82701248F00024D4F /* LaunchScreen.storyboard */; };
		9BBB15D52701249000024D4F /* OnTheMapTests.swift in Sources */ = {isa = PBXBuildFile; fileRef = 9BBB15D42701249000024D4F /* OnTheMapTests.swift */; };
		9BBB15DF2701249000024D4F /* OnTheMapUITests.swift in Sources */ = {isa = PBXBuildFile; fileRef = 9BBB15DE2701249000024D4F /* OnTheMapUITests.swift */; };
		9BBB15E12701249000024D4F /* OnTheMapUITestsLaunchTests.swift in Sources */ = {isa = PBXBuildFile; fileRef = 9BBB15E02701249000024D4F /* OnTheMapUITestsLaunchTests.swift */; };
/* End PBXBuildFile section */

/* Begin PBXContainerItemProxy section */
		9BBB15D12701249000024D4F /* PBXContainerItemProxy */ = {
			isa = PBXContainerItemProxy;
			containerPortal = 9BBB15B22701248D00024D4F /* Project object */;
			proxyType = 1;
			remoteGlobalIDString = 9BBB15B92701248D00024D4F;
			remoteInfo = OnTheMap;
		};
		9BBB15DB2701249000024D4F /* PBXContainerItemProxy */ = {
			isa = PBXContainerItemProxy;
			containerPortal = 9BBB15B22701248D00024D4F /* Project object */;
			proxyType = 1;
			remoteGlobalIDString = 9BBB15B92701248D00024D4F;
			remoteInfo = OnTheMap;
		};
/* End PBXContainerItemProxy section */

/* Begin PBXFileReference section */
		9B7100BF270E575E00EA5B73 /* UIViewController+Extension.swift */ = {isa = PBXFileReference; lastKnownFileType = sourcecode.swift; path = "UIViewController+Extension.swift"; sourceTree = "<group>"; };
		9B7100C12711077300EA5B73 /* PublicUserData.swift */ = {isa = PBXFileReference; lastKnownFileType = sourcecode.swift; path = PublicUserData.swift; sourceTree = "<group>"; };
		9B7100C3271255CD00EA5B73 /* StudentLocation.swift */ = {isa = PBXFileReference; lastKnownFileType = sourcecode.swift; path = StudentLocation.swift; sourceTree = "<group>"; };
		9B7100C527163D2A00EA5B73 /* StudentLocationPOSTResponse.swift */ = {isa = PBXFileReference; lastKnownFileType = sourcecode.swift; path = StudentLocationPOSTResponse.swift; sourceTree = "<group>"; };
		9B7100C72728EB9F00EA5B73 /* AddStudentLocationRequest.swift */ = {isa = PBXFileReference; lastKnownFileType = sourcecode.swift; path = AddStudentLocationRequest.swift; sourceTree = "<group>"; };
		9BA611EF270513530061684E /* MapViewController.swift */ = {isa = PBXFileReference; lastKnownFileType = sourcecode.swift; name = MapViewController.swift; path = OnTheMap/Assets/MapViewController.swift; sourceTree = SOURCE_ROOT; };
		9BA611F1270514990061684E /* TableViewController.swift */ = {isa = PBXFileReference; lastKnownFileType = sourcecode.swift; name = TableViewController.swift; path = OnTheMap/Assets/TableViewController.swift; sourceTree = SOURCE_ROOT; };
		9BA611F32705151A0061684E /* InformationPostingViewController.swift */ = {isa = PBXFileReference; lastKnownFileType = sourcecode.swift; name = InformationPostingViewController.swift; path = OnTheMap/Assets/InformationPostingViewController.swift; sourceTree = SOURCE_ROOT; };
		9BA611F5270515810061684E /* AddLocationViewController.swift */ = {isa = PBXFileReference; lastKnownFileType = sourcecode.swift; name = AddLocationViewController.swift; path = OnTheMap/Assets/AddLocationViewController.swift; sourceTree = SOURCE_ROOT; };
		9BA611F72707C95F0061684E /* OTMClient.swift */ = {isa = PBXFileReference; lastKnownFileType = sourcecode.swift; path = OTMClient.swift; sourceTree = "<group>"; };
		9BA611F92707CD160061684E /* LoginRequest.swift */ = {isa = PBXFileReference; lastKnownFileType = sourcecode.swift; path = LoginRequest.swift; sourceTree = "<group>"; };
		9BA611FB2707CF770061684E /* LoginResponse.swift */ = {isa = PBXFileReference; lastKnownFileType = sourcecode.swift; path = LoginResponse.swift; sourceTree = "<group>"; };
		9BBB15BA2701248D00024D4F /* OnTheMap.app */ = {isa = PBXFileReference; explicitFileType = wrapper.application; includeInIndex = 0; path = OnTheMap.app; sourceTree = BUILT_PRODUCTS_DIR; };
		9BBB15BD2701248D00024D4F /* AppDelegate.swift */ = {isa = PBXFileReference; lastKnownFileType = sourcecode.swift; path = AppDelegate.swift; sourceTree = "<group>"; };
		9BBB15BF2701248D00024D4F /* SceneDelegate.swift */ = {isa = PBXFileReference; lastKnownFileType = sourcecode.swift; path = SceneDelegate.swift; sourceTree = "<group>"; };
		9BBB15C12701248D00024D4F /* LoginViewController.swift */ = {isa = PBXFileReference; lastKnownFileType = sourcecode.swift; path = LoginViewController.swift; sourceTree = "<group>"; };
		9BBB15C42701248D00024D4F /* Base */ = {isa = PBXFileReference; lastKnownFileType = file.storyboard; name = Base; path = Base.lproj/Main.storyboard; sourceTree = "<group>"; };
		9BBB15C62701248F00024D4F /* Assets.xcassets */ = {isa = PBXFileReference; lastKnownFileType = folder.assetcatalog; path = Assets.xcassets; sourceTree = "<group>"; };
		9BBB15C92701248F00024D4F /* Base */ = {isa = PBXFileReference; lastKnownFileType = file.storyboard; name = Base; path = Base.lproj/LaunchScreen.storyboard; sourceTree = "<group>"; };
		9BBB15CB2701248F00024D4F /* Info.plist */ = {isa = PBXFileReference; lastKnownFileType = text.plist.xml; path = Info.plist; sourceTree = "<group>"; };
		9BBB15D02701249000024D4F /* OnTheMapTests.xctest */ = {isa = PBXFileReference; explicitFileType = wrapper.cfbundle; includeInIndex = 0; path = OnTheMapTests.xctest; sourceTree = BUILT_PRODUCTS_DIR; };
		9BBB15D42701249000024D4F /* OnTheMapTests.swift */ = {isa = PBXFileReference; lastKnownFileType = sourcecode.swift; path = OnTheMapTests.swift; sourceTree = "<group>"; };
		9BBB15DA2701249000024D4F /* OnTheMapUITests.xctest */ = {isa = PBXFileReference; explicitFileType = wrapper.cfbundle; includeInIndex = 0; path = OnTheMapUITests.xctest; sourceTree = BUILT_PRODUCTS_DIR; };
		9BBB15DE2701249000024D4F /* OnTheMapUITests.swift */ = {isa = PBXFileReference; lastKnownFileType = sourcecode.swift; path = OnTheMapUITests.swift; sourceTree = "<group>"; };
		9BBB15E02701249000024D4F /* OnTheMapUITestsLaunchTests.swift */ = {isa = PBXFileReference; lastKnownFileType = sourcecode.swift; path = OnTheMapUITestsLaunchTests.swift; sourceTree = "<group>"; };
/* End PBXFileReference section */

/* Begin PBXFrameworksBuildPhase section */
		9BBB15B72701248D00024D4F /* Frameworks */ = {
			isa = PBXFrameworksBuildPhase;
			buildActionMask = 2147483647;
			files = (
			);
			runOnlyForDeploymentPostprocessing = 0;
		};
		9BBB15CD2701249000024D4F /* Frameworks */ = {
			isa = PBXFrameworksBuildPhase;
			buildActionMask = 2147483647;
			files = (
			);
			runOnlyForDeploymentPostprocessing = 0;
		};
		9BBB15D72701249000024D4F /* Frameworks */ = {
			isa = PBXFrameworksBuildPhase;
			buildActionMask = 2147483647;
			files = (
			);
			runOnlyForDeploymentPostprocessing = 0;
		};
/* End PBXFrameworksBuildPhase section */

/* Begin PBXGroup section */
		9BBB15B12701248D00024D4F = {
			isa = PBXGroup;
			children = (
				9BBB15BC2701248D00024D4F /* OnTheMap */,
				9BBB15D32701249000024D4F /* OnTheMapTests */,
				9BBB15DD2701249000024D4F /* OnTheMapUITests */,
				9BBB15BB2701248D00024D4F /* Products */,
			);
			sourceTree = "<group>";
		};
		9BBB15BB2701248D00024D4F /* Products */ = {
			isa = PBXGroup;
			children = (
				9BBB15BA2701248D00024D4F /* OnTheMap.app */,
				9BBB15D02701249000024D4F /* OnTheMapTests.xctest */,
				9BBB15DA2701249000024D4F /* OnTheMapUITests.xctest */,
			);
			name = Products;
			sourceTree = "<group>";
		};
		9BBB15BC2701248D00024D4F /* OnTheMap */ = {
			isa = PBXGroup;
			children = (
				9BBB15CB2701248F00024D4F /* Info.plist */,
				9BBB15BD2701248D00024D4F /* AppDelegate.swift */,
				9BBB15F32701273900024D4F /* Controller */,
				9BBB15F22701271D00024D4F /* View */,
				9BBB15ED2701266000024D4F /* Model */,
				9BBB15BF2701248D00024D4F /* SceneDelegate.swift */,
				9BBB15F4270127C700024D4F /* Assets */,
			);
			path = OnTheMap;
			sourceTree = "<group>";
		};
		9BBB15D32701249000024D4F /* OnTheMapTests */ = {
			isa = PBXGroup;
			children = (
				9BBB15D42701249000024D4F /* OnTheMapTests.swift */,
			);
			path = OnTheMapTests;
			sourceTree = "<group>";
		};
		9BBB15DD2701249000024D4F /* OnTheMapUITests */ = {
			isa = PBXGroup;
			children = (
				9BBB15DE2701249000024D4F /* OnTheMapUITests.swift */,
				9BBB15E02701249000024D4F /* OnTheMapUITestsLaunchTests.swift */,
			);
			path = OnTheMapUITests;
			sourceTree = "<group>";
		};
		9BBB15ED2701266000024D4F /* Model */ = {
			isa = PBXGroup;
			children = (
				9BBB15F1270126F800024D4F /* OTM Response */,
				9BBB15F0270126C900024D4F /* OTM Requests */,
				9BBB15EF2701269F00024D4F /* OTM Client */,
				9BBB15EE2701268900024D4F /* Data */,
			);
			path = Model;
			sourceTree = "<group>";
		};
		9BBB15EE2701268900024D4F /* Data */ = {
			isa = PBXGroup;
			children = (
			);
			path = Data;
			sourceTree = "<group>";
		};
		9BBB15EF2701269F00024D4F /* OTM Client */ = {
			isa = PBXGroup;
			children = (
				9BA611F72707C95F0061684E /* OTMClient.swift */,
			);
			path = "OTM Client";
			sourceTree = "<group>";
		};
		9BBB15F0270126C900024D4F /* OTM Requests */ = {
			isa = PBXGroup;
			children = (
				9BA611F92707CD160061684E /* LoginRequest.swift */,
				9B7100C72728EB9F00EA5B73 /* AddStudentLocationRequest.swift */,
			);
			path = "OTM Requests";
			sourceTree = "<group>";
		};
		9BBB15F1270126F800024D4F /* OTM Response */ = {
			isa = PBXGroup;
			children = (
				9BA611FB2707CF770061684E /* LoginResponse.swift */,
				9B7100C12711077300EA5B73 /* PublicUserData.swift */,
				9B7100C3271255CD00EA5B73 /* StudentLocation.swift */,
				9B7100C527163D2A00EA5B73 /* StudentLocationPOSTResponse.swift */,
			);
			path = "OTM Response";
			sourceTree = "<group>";
		};
		9BBB15F22701271D00024D4F /* View */ = {
			isa = PBXGroup;
			children = (
			);
			path = View;
			sourceTree = "<group>";
		};
		9BBB15F32701273900024D4F /* Controller */ = {
			isa = PBXGroup;
			children = (
				9BBB15C12701248D00024D4F /* LoginViewController.swift */,
				9BA611EF270513530061684E /* MapViewController.swift */,
				9BA611F1270514990061684E /* TableViewController.swift */,
				9BA611F32705151A0061684E /* InformationPostingViewController.swift */,
				9BA611F5270515810061684E /* AddLocationViewController.swift */,
				9B7100BF270E575E00EA5B73 /* UIViewController+Extension.swift */,
			);
			path = Controller;
			sourceTree = "<group>";
		};
		9BBB15F4270127C700024D4F /* Assets */ = {
			isa = PBXGroup;
			children = (
				9BBB15C32701248D00024D4F /* Main.storyboard */,
				9BBB15C62701248F00024D4F /* Assets.xcassets */,
				9BBB15C82701248F00024D4F /* LaunchScreen.storyboard */,
			);
			path = Assets;
			sourceTree = "<group>";
		};
/* End PBXGroup section */

/* Begin PBXNativeTarget section */
		9BBB15B92701248D00024D4F /* OnTheMap */ = {
			isa = PBXNativeTarget;
			buildConfigurationList = 9BBB15E42701249000024D4F /* Build configuration list for PBXNativeTarget "OnTheMap" */;
			buildPhases = (
				9BBB15B62701248D00024D4F /* Sources */,
				9BBB15B72701248D00024D4F /* Frameworks */,
				9BBB15B82701248D00024D4F /* Resources */,
			);
			buildRules = (
			);
			dependencies = (
			);
			name = OnTheMap;
			productName = OnTheMap;
			productReference = 9BBB15BA2701248D00024D4F /* OnTheMap.app */;
			productType = "com.apple.product-type.application";
		};
		9BBB15CF2701249000024D4F /* OnTheMapTests */ = {
			isa = PBXNativeTarget;
			buildConfigurationList = 9BBB15E72701249000024D4F /* Build configuration list for PBXNativeTarget "OnTheMapTests" */;
			buildPhases = (
				9BBB15CC2701249000024D4F /* Sources */,
				9BBB15CD2701249000024D4F /* Frameworks */,
				9BBB15CE2701249000024D4F /* Resources */,
			);
			buildRules = (
			);
			dependencies = (
				9BBB15D22701249000024D4F /* PBXTargetDependency */,
			);
			name = OnTheMapTests;
			productName = OnTheMapTests;
			productReference = 9BBB15D02701249000024D4F /* OnTheMapTests.xctest */;
			productType = "com.apple.product-type.bundle.unit-test";
		};
		9BBB15D92701249000024D4F /* OnTheMapUITests */ = {
			isa = PBXNativeTarget;
			buildConfigurationList = 9BBB15EA2701249000024D4F /* Build configuration list for PBXNativeTarget "OnTheMapUITests" */;
			buildPhases = (
				9BBB15D62701249000024D4F /* Sources */,
				9BBB15D72701249000024D4F /* Frameworks */,
				9BBB15D82701249000024D4F /* Resources */,
			);
			buildRules = (
			);
			dependencies = (
				9BBB15DC2701249000024D4F /* PBXTargetDependency */,
			);
			name = OnTheMapUITests;
			productName = OnTheMapUITests;
			productReference = 9BBB15DA2701249000024D4F /* OnTheMapUITests.xctest */;
			productType = "com.apple.product-type.bundle.ui-testing";
		};
/* End PBXNativeTarget section */

/* Begin PBXProject section */
		9BBB15B22701248D00024D4F /* Project object */ = {
			isa = PBXProject;
			attributes = {
				BuildIndependentTargetsInParallel = 1;
				LastSwiftUpdateCheck = 1300;
				LastUpgradeCheck = 1300;
				TargetAttributes = {
					9BBB15B92701248D00024D4F = {
						CreatedOnToolsVersion = 13.0;
					};
					9BBB15CF2701249000024D4F = {
						CreatedOnToolsVersion = 13.0;
						TestTargetID = 9BBB15B92701248D00024D4F;
					};
					9BBB15D92701249000024D4F = {
						CreatedOnToolsVersion = 13.0;
						TestTargetID = 9BBB15B92701248D00024D4F;
					};
				};
			};
			buildConfigurationList = 9BBB15B52701248D00024D4F /* Build configuration list for PBXProject "OnTheMap" */;
			compatibilityVersion = "Xcode 13.0";
			developmentRegion = en;
			hasScannedForEncodings = 0;
			knownRegions = (
				en,
				Base,
			);
			mainGroup = 9BBB15B12701248D00024D4F;
			productRefGroup = 9BBB15BB2701248D00024D4F /* Products */;
			projectDirPath = "";
			projectRoot = "";
			targets = (
				9BBB15B92701248D00024D4F /* OnTheMap */,
				9BBB15CF2701249000024D4F /* OnTheMapTests */,
				9BBB15D92701249000024D4F /* OnTheMapUITests */,
			);
		};
/* End PBXProject section */

/* Begin PBXResourcesBuildPhase section */
		9BBB15B82701248D00024D4F /* Resources */ = {
			isa = PBXResourcesBuildPhase;
			buildActionMask = 2147483647;
			files = (
				9BBB15CA2701248F00024D4F /* LaunchScreen.storyboard in Resources */,
				9BBB15C72701248F00024D4F /* Assets.xcassets in Resources */,
				9BBB15C52701248D00024D4F /* Main.storyboard in Resources */,
			);
			runOnlyForDeploymentPostprocessing = 0;
		};
		9BBB15CE2701249000024D4F /* Resources */ = {
			isa = PBXResourcesBuildPhase;
			buildActionMask = 2147483647;
			files = (
			);
			runOnlyForDeploymentPostprocessing = 0;
		};
		9BBB15D82701249000024D4F /* Resources */ = {
			isa = PBXResourcesBuildPhase;
			buildActionMask = 2147483647;
			files = (
			);
			runOnlyForDeploymentPostprocessing = 0;
		};
/* End PBXResourcesBuildPhase section */

/* Begin PBXSourcesBuildPhase section */
		9BBB15B62701248D00024D4F /* Sources */ = {
			isa = PBXSourcesBuildPhase;
			buildActionMask = 2147483647;
			files = (
				9B7100C82728EBA000EA5B73 /* AddStudentLocationRequest.swift in Sources */,
				9BA611FA2707CD160061684E /* LoginRequest.swift in Sources */,
				9B7100C4271255CE00EA5B73 /* StudentLocation.swift in Sources */,
				9B7100C0270E575E00EA5B73 /* UIViewController+Extension.swift in Sources */,
				9BA611F42705151A0061684E /* InformationPostingViewController.swift in Sources */,
				9BA611F82707C95F0061684E /* OTMClient.swift in Sources */,
				9BBB15C22701248D00024D4F /* LoginViewController.swift in Sources */,
				9BA611FC2707CF770061684E /* LoginResponse.swift in Sources */,
				9BBB15BE2701248D00024D4F /* AppDelegate.swift in Sources */,
				9BA611F6270515810061684E /* AddLocationViewController.swift in Sources */,
				9BBB15C02701248D00024D4F /* SceneDelegate.swift in Sources */,
				9BA611F2270514990061684E /* TableViewController.swift in Sources */,
				9BA611F0270513530061684E /* MapViewController.swift in Sources */,
				9B7100C22711077400EA5B73 /* PublicUserData.swift in Sources */,
				9B7100C627163D2A00EA5B73 /* StudentLocationPOSTResponse.swift in Sources */,
			);
			runOnlyForDeploymentPostprocessing = 0;
		};
		9BBB15CC2701249000024D4F /* Sources */ = {
			isa = PBXSourcesBuildPhase;
			buildActionMask = 2147483647;
			files = (
				9BBB15D52701249000024D4F /* OnTheMapTests.swift in Sources */,
			);
			runOnlyForDeploymentPostprocessing = 0;
		};
		9BBB15D62701249000024D4F /* Sources */ = {
			isa = PBXSourcesBuildPhase;
			buildActionMask = 2147483647;
			files = (
				9BBB15E12701249000024D4F /* OnTheMapUITestsLaunchTests.swift in Sources */,
				9BBB15DF2701249000024D4F /* OnTheMapUITests.swift in Sources */,
			);
			runOnlyForDeploymentPostprocessing = 0;
		};
/* End PBXSourcesBuildPhase section */

/* Begin PBXTargetDependency section */
		9BBB15D22701249000024D4F /* PBXTargetDependency */ = {
			isa = PBXTargetDependency;
			target = 9BBB15B92701248D00024D4F /* OnTheMap */;
			targetProxy = 9BBB15D12701249000024D4F /* PBXContainerItemProxy */;
		};
		9BBB15DC2701249000024D4F /* PBXTargetDependency */ = {
			isa = PBXTargetDependency;
			target = 9BBB15B92701248D00024D4F /* OnTheMap */;
			targetProxy = 9BBB15DB2701249000024D4F /* PBXContainerItemProxy */;
		};
/* End PBXTargetDependency section */

/* Begin PBXVariantGroup section */
		9BBB15C32701248D00024D4F /* Main.storyboard */ = {
			isa = PBXVariantGroup;
			children = (
				9BBB15C42701248D00024D4F /* Base */,
			);
			name = Main.storyboard;
			sourceTree = "<group>";
		};
		9BBB15C82701248F00024D4F /* LaunchScreen.storyboard */ = {
			isa = PBXVariantGroup;
			children = (
				9BBB15C92701248F00024D4F /* Base */,
			);
			name = LaunchScreen.storyboard;
			sourceTree = "<group>";
		};
/* End PBXVariantGroup section */

/* Begin XCBuildConfiguration section */
		9BBB15E22701249000024D4F /* Debug */ = {
			isa = XCBuildConfiguration;
			buildSettings = {
				ALWAYS_SEARCH_USER_PATHS = NO;
				CLANG_ANALYZER_NONNULL = YES;
				CLANG_ANALYZER_NUMBER_OBJECT_CONVERSION = YES_AGGRESSIVE;
				CLANG_CXX_LANGUAGE_STANDARD = "gnu++17";
				CLANG_CXX_LIBRARY = "libc++";
				CLANG_ENABLE_MODULES = YES;
				CLANG_ENABLE_OBJC_ARC = YES;
				CLANG_ENABLE_OBJC_WEAK = YES;
				CLANG_WARN_BLOCK_CAPTURE_AUTORELEASING = YES;
				CLANG_WARN_BOOL_CONVERSION = YES;
				CLANG_WARN_COMMA = YES;
				CLANG_WARN_CONSTANT_CONVERSION = YES;
				CLANG_WARN_DEPRECATED_OBJC_IMPLEMENTATIONS = YES;
				CLANG_WARN_DIRECT_OBJC_ISA_USAGE = YES_ERROR;
				CLANG_WARN_DOCUMENTATION_COMMENTS = YES;
				CLANG_WARN_EMPTY_BODY = YES;
				CLANG_WARN_ENUM_CONVERSION = YES;
				CLANG_WARN_INFINITE_RECURSION = YES;
				CLANG_WARN_INT_CONVERSION = YES;
				CLANG_WARN_NON_LITERAL_NULL_CONVERSION = YES;
				CLANG_WARN_OBJC_IMPLICIT_RETAIN_SELF = YES;
				CLANG_WARN_OBJC_LITERAL_CONVERSION = YES;
				CLANG_WARN_OBJC_ROOT_CLASS = YES_ERROR;
				CLANG_WARN_QUOTED_INCLUDE_IN_FRAMEWORK_HEADER = YES;
				CLANG_WARN_RANGE_LOOP_ANALYSIS = YES;
				CLANG_WARN_STRICT_PROTOTYPES = YES;
				CLANG_WARN_SUSPICIOUS_MOVE = YES;
				CLANG_WARN_UNGUARDED_AVAILABILITY = YES_AGGRESSIVE;
				CLANG_WARN_UNREACHABLE_CODE = YES;
				CLANG_WARN__DUPLICATE_METHOD_MATCH = YES;
				COPY_PHASE_STRIP = NO;
				DEBUG_INFORMATION_FORMAT = dwarf;
				ENABLE_STRICT_OBJC_MSGSEND = YES;
				ENABLE_TESTABILITY = YES;
				GCC_C_LANGUAGE_STANDARD = gnu11;
				GCC_DYNAMIC_NO_PIC = NO;
				GCC_NO_COMMON_BLOCKS = YES;
				GCC_OPTIMIZATION_LEVEL = 0;
				GCC_PREPROCESSOR_DEFINITIONS = (
					"DEBUG=1",
					"$(inherited)",
				);
				GCC_WARN_64_TO_32_BIT_CONVERSION = YES;
				GCC_WARN_ABOUT_RETURN_TYPE = YES_ERROR;
				GCC_WARN_UNDECLARED_SELECTOR = YES;
				GCC_WARN_UNINITIALIZED_AUTOS = YES_AGGRESSIVE;
				GCC_WARN_UNUSED_FUNCTION = YES;
				GCC_WARN_UNUSED_VARIABLE = YES;
				IPHONEOS_DEPLOYMENT_TARGET = 15.0;
				MTL_ENABLE_DEBUG_INFO = INCLUDE_SOURCE;
				MTL_FAST_MATH = YES;
				ONLY_ACTIVE_ARCH = YES;
				SDKROOT = iphoneos;
				SWIFT_ACTIVE_COMPILATION_CONDITIONS = DEBUG;
				SWIFT_OPTIMIZATION_LEVEL = "-Onone";
			};
			name = Debug;
		};
		9BBB15E32701249000024D4F /* Release */ = {
			isa = XCBuildConfiguration;
			buildSettings = {
				ALWAYS_SEARCH_USER_PATHS = NO;
				CLANG_ANALYZER_NONNULL = YES;
				CLANG_ANALYZER_NUMBER_OBJECT_CONVERSION = YES_AGGRESSIVE;
				CLANG_CXX_LANGUAGE_STANDARD = "gnu++17";
				CLANG_CXX_LIBRARY = "libc++";
				CLANG_ENABLE_MODULES = YES;
				CLANG_ENABLE_OBJC_ARC = YES;
				CLANG_ENABLE_OBJC_WEAK = YES;
				CLANG_WARN_BLOCK_CAPTURE_AUTORELEASING = YES;
				CLANG_WARN_BOOL_CONVERSION = YES;
				CLANG_WARN_COMMA = YES;
				CLANG_WARN_CONSTANT_CONVERSION = YES;
				CLANG_WARN_DEPRECATED_OBJC_IMPLEMENTATIONS = YES;
				CLANG_WARN_DIRECT_OBJC_ISA_USAGE = YES_ERROR;
				CLANG_WARN_DOCUMENTATION_COMMENTS = YES;
				CLANG_WARN_EMPTY_BODY = YES;
				CLANG_WARN_ENUM_CONVERSION = YES;
				CLANG_WARN_INFINITE_RECURSION = YES;
				CLANG_WARN_INT_CONVERSION = YES;
				CLANG_WARN_NON_LITERAL_NULL_CONVERSION = YES;
				CLANG_WARN_OBJC_IMPLICIT_RETAIN_SELF = YES;
				CLANG_WARN_OBJC_LITERAL_CONVERSION = YES;
				CLANG_WARN_OBJC_ROOT_CLASS = YES_ERROR;
				CLANG_WARN_QUOTED_INCLUDE_IN_FRAMEWORK_HEADER = YES;
				CLANG_WARN_RANGE_LOOP_ANALYSIS = YES;
				CLANG_WARN_STRICT_PROTOTYPES = YES;
				CLANG_WARN_SUSPICIOUS_MOVE = YES;
				CLANG_WARN_UNGUARDED_AVAILABILITY = YES_AGGRESSIVE;
				CLANG_WARN_UNREACHABLE_CODE = YES;
				CLANG_WARN__DUPLICATE_METHOD_MATCH = YES;
				COPY_PHASE_STRIP = NO;
				DEBUG_INFORMATION_FORMAT = "dwarf-with-dsym";
				ENABLE_NS_ASSERTIONS = NO;
				ENABLE_STRICT_OBJC_MSGSEND = YES;
				GCC_C_LANGUAGE_STANDARD = gnu11;
				GCC_NO_COMMON_BLOCKS = YES;
				GCC_WARN_64_TO_32_BIT_CONVERSION = YES;
				GCC_WARN_ABOUT_RETURN_TYPE = YES_ERROR;
				GCC_WARN_UNDECLARED_SELECTOR = YES;
				GCC_WARN_UNINITIALIZED_AUTOS = YES_AGGRESSIVE;
				GCC_WARN_UNUSED_FUNCTION = YES;
				GCC_WARN_UNUSED_VARIABLE = YES;
				IPHONEOS_DEPLOYMENT_TARGET = 15.0;
				MTL_ENABLE_DEBUG_INFO = NO;
				MTL_FAST_MATH = YES;
				SDKROOT = iphoneos;
				SWIFT_COMPILATION_MODE = wholemodule;
				SWIFT_OPTIMIZATION_LEVEL = "-O";
				VALIDATE_PRODUCT = YES;
			};
			name = Release;
		};
		9BBB15E52701249000024D4F /* Debug */ = {
			isa = XCBuildConfiguration;
			buildSettings = {
				ASSETCATALOG_COMPILER_APPICON_NAME = AppIcon;
				ASSETCATALOG_COMPILER_GLOBAL_ACCENT_COLOR_NAME = AccentColor;
				CODE_SIGN_STYLE = Automatic;
				CURRENT_PROJECT_VERSION = 1;
				DEVELOPMENT_TEAM = 6B67846UXJ;
				GENERATE_INFOPLIST_FILE = YES;
				INFOPLIST_FILE = OnTheMap/Info.plist;
				INFOPLIST_KEY_UIApplicationSupportsIndirectInputEvents = YES;
				INFOPLIST_KEY_UILaunchStoryboardName = LaunchScreen;
				INFOPLIST_KEY_UIMainStoryboardFile = Main;
				INFOPLIST_KEY_UISupportedInterfaceOrientations_iPad = "UIInterfaceOrientationPortrait UIInterfaceOrientationPortraitUpsideDown UIInterfaceOrientationLandscapeLeft UIInterfaceOrientationLandscapeRight";
				INFOPLIST_KEY_UISupportedInterfaceOrientations_iPhone = "UIInterfaceOrientationPortrait UIInterfaceOrientationLandscapeLeft UIInterfaceOrientationLandscapeRight";
				LD_RUNPATH_SEARCH_PATHS = (
					"$(inherited)",
					"@executable_path/Frameworks",
				);
				MARKETING_VERSION = 1.0;
				PRODUCT_BUNDLE_IDENTIFIER = learning.OnTheMap;
				PRODUCT_NAME = "$(TARGET_NAME)";
				SWIFT_EMIT_LOC_STRINGS = YES;
				SWIFT_VERSION = 5.0;
				TARGETED_DEVICE_FAMILY = "1,2";
			};
			name = Debug;
		};
		9BBB15E62701249000024D4F /* Release */ = {
			isa = XCBuildConfiguration;
			buildSettings = {
				ASSETCATALOG_COMPILER_APPICON_NAME = AppIcon;
				ASSETCATALOG_COMPILER_GLOBAL_ACCENT_COLOR_NAME = AccentColor;
				CODE_SIGN_STYLE = Automatic;
				CURRENT_PROJECT_VERSION = 1;
				DEVELOPMENT_TEAM = 6B67846UXJ;
				GENERATE_INFOPLIST_FILE = YES;
				INFOPLIST_FILE = OnTheMap/Info.plist;
				INFOPLIST_KEY_UIApplicationSupportsIndirectInputEvents = YES;
				INFOPLIST_KEY_UILaunchStoryboardName = LaunchScreen;
				INFOPLIST_KEY_UIMainStoryboardFile = Main;
				INFOPLIST_KEY_UISupportedInterfaceOrientations_iPad = "UIInterfaceOrientationPortrait UIInterfaceOrientationPortraitUpsideDown UIInterfaceOrientationLandscapeLeft UIInterfaceOrientationLandscapeRight";
				INFOPLIST_KEY_UISupportedInterfaceOrientations_iPhone = "UIInterfaceOrientationPortrait UIInterfaceOrientationLandscapeLeft UIInterfaceOrientationLandscapeRight";
				LD_RUNPATH_SEARCH_PATHS = (
					"$(inherited)",
					"@executable_path/Frameworks",
				);
				MARKETING_VERSION = 1.0;
				PRODUCT_BUNDLE_IDENTIFIER = learning.OnTheMap;
				PRODUCT_NAME = "$(TARGET_NAME)";
				SWIFT_EMIT_LOC_STRINGS = YES;
				SWIFT_VERSION = 5.0;
				TARGETED_DEVICE_FAMILY = "1,2";
			};
			name = Release;
		};
		9BBB15E82701249000024D4F /* Debug */ = {
			isa = XCBuildConfiguration;
			buildSettings = {
				ALWAYS_EMBED_SWIFT_STANDARD_LIBRARIES = YES;
				BUNDLE_LOADER = "$(TEST_HOST)";
				CODE_SIGN_STYLE = Automatic;
				CURRENT_PROJECT_VERSION = 1;
				DEVELOPMENT_TEAM = 6B67846UXJ;
				GENERATE_INFOPLIST_FILE = YES;
				IPHONEOS_DEPLOYMENT_TARGET = 15.0;
				LD_RUNPATH_SEARCH_PATHS = (
					"$(inherited)",
					"@executable_path/Frameworks",
					"@loader_path/Frameworks",
				);
				MARKETING_VERSION = 1.0;
				PRODUCT_BUNDLE_IDENTIFIER = learning.OnTheMapTests;
				PRODUCT_NAME = "$(TARGET_NAME)";
				SWIFT_EMIT_LOC_STRINGS = NO;
				SWIFT_VERSION = 5.0;
				TARGETED_DEVICE_FAMILY = "1,2";
				TEST_HOST = "$(BUILT_PRODUCTS_DIR)/OnTheMap.app/OnTheMap";
			};
			name = Debug;
		};
		9BBB15E92701249000024D4F /* Release */ = {
			isa = XCBuildConfiguration;
			buildSettings = {
				ALWAYS_EMBED_SWIFT_STANDARD_LIBRARIES = YES;
				BUNDLE_LOADER = "$(TEST_HOST)";
				CODE_SIGN_STYLE = Automatic;
				CURRENT_PROJECT_VERSION = 1;
				DEVELOPMENT_TEAM = 6B67846UXJ;
				GENERATE_INFOPLIST_FILE = YES;
				IPHONEOS_DEPLOYMENT_TARGET = 15.0;
				LD_RUNPATH_SEARCH_PATHS = (
					"$(inherited)",
					"@executable_path/Frameworks",
					"@loader_path/Frameworks",
				);
				MARKETING_VERSION = 1.0;
				PRODUCT_BUNDLE_IDENTIFIER = learning.OnTheMapTests;
				PRODUCT_NAME = "$(TARGET_NAME)";
				SWIFT_EMIT_LOC_STRINGS = NO;
				SWIFT_VERSION = 5.0;
				TARGETED_DEVICE_FAMILY = "1,2";
				TEST_HOST = "$(BUILT_PRODUCTS_DIR)/OnTheMap.app/OnTheMap";
			};
			name = Release;
		};
		9BBB15EB2701249000024D4F /* Debug */ = {
			isa = XCBuildConfiguration;
			buildSettings = {
				ALWAYS_EMBED_SWIFT_STANDARD_LIBRARIES = YES;
				CODE_SIGN_STYLE = Automatic;
				CURRENT_PROJECT_VERSION = 1;
				DEVELOPMENT_TEAM = 6B67846UXJ;
				GENERATE_INFOPLIST_FILE = YES;
				LD_RUNPATH_SEARCH_PATHS = (
					"$(inherited)",
					"@executable_path/Frameworks",
					"@loader_path/Frameworks",
				);
				MARKETING_VERSION = 1.0;
				PRODUCT_BUNDLE_IDENTIFIER = learning.OnTheMapUITests;
				PRODUCT_NAME = "$(TARGET_NAME)";
				SWIFT_EMIT_LOC_STRINGS = NO;
				SWIFT_VERSION = 5.0;
				TARGETED_DEVICE_FAMILY = "1,2";
				TEST_TARGET_NAME = OnTheMap;
			};
			name = Debug;
		};
		9BBB15EC2701249000024D4F /* Release */ = {
			isa = XCBuildConfiguration;
			buildSettings = {
				ALWAYS_EMBED_SWIFT_STANDARD_LIBRARIES = YES;
				CODE_SIGN_STYLE = Automatic;
				CURRENT_PROJECT_VERSION = 1;
				DEVELOPMENT_TEAM = 6B67846UXJ;
				GENERATE_INFOPLIST_FILE = YES;
				LD_RUNPATH_SEARCH_PATHS = (
					"$(inherited)",
					"@executable_path/Frameworks",
					"@loader_path/Frameworks",
				);
				MARKETING_VERSION = 1.0;
				PRODUCT_BUNDLE_IDENTIFIER = learning.OnTheMapUITests;
				PRODUCT_NAME = "$(TARGET_NAME)";
				SWIFT_EMIT_LOC_STRINGS = NO;
				SWIFT_VERSION = 5.0;
				TARGETED_DEVICE_FAMILY = "1,2";
				TEST_TARGET_NAME = OnTheMap;
			};
			name = Release;
		};
/* End XCBuildConfiguration section */

/* Begin XCConfigurationList section */
		9BBB15B52701248D00024D4F /* Build configuration list for PBXProject "OnTheMap" */ = {
			isa = XCConfigurationList;
			buildConfigurations = (
				9BBB15E22701249000024D4F /* Debug */,
				9BBB15E32701249000024D4F /* Release */,
			);
			defaultConfigurationIsVisible = 0;
			defaultConfigurationName = Release;
		};
		9BBB15E42701249000024D4F /* Build configuration list for PBXNativeTarget "OnTheMap" */ = {
			isa = XCConfigurationList;
			buildConfigurations = (
				9BBB15E52701249000024D4F /* Debug */,
				9BBB15E62701249000024D4F /* Release */,
			);
			defaultConfigurationIsVisible = 0;
			defaultConfigurationName = Release;
		};
		9BBB15E72701249000024D4F /* Build configuration list for PBXNativeTarget "OnTheMapTests" */ = {
			isa = XCConfigurationList;
			buildConfigurations = (
				9BBB15E82701249000024D4F /* Debug */,
				9BBB15E92701249000024D4F /* Release */,
			);
			defaultConfigurationIsVisible = 0;
			defaultConfigurationName = Release;
		};
		9BBB15EA2701249000024D4F /* Build configuration list for PBXNativeTarget "OnTheMapUITests" */ = {
			isa = XCConfigurationList;
			buildConfigurations = (
				9BBB15EB2701249000024D4F /* Debug */,
				9BBB15EC2701249000024D4F /* Release */,
			);
			defaultConfigurationIsVisible = 0;
			defaultConfigurationName = Release;
		};
/* End XCConfigurationList section */
	};
	rootObject = 9BBB15B22701248D00024D4F /* Project object */;
}
